
Microsoft Visual Studio Solution File, Format Version 12.00
# Visual Studio Version 16
VisualStudioVersion = 16.0.31424.327
MinimumVisualStudioVersion = 10.0.40219.1
Project("{FAE04EC0-301F-11D3-BF4B-00C04F79EFBC}") = "BlockChain", "BlockChain\BlockChain.csproj", "{4F032FB6-3522-4109-B384-7F259C02EC49}"
EndProject
Global
	GlobalSection(SolutionConfigurationPlatforms) = preSolution
		Debug|Any CPU = Debug|Any CPU
		Release|Any CPU = Release|Any CPU
	EndGlobalSection
	GlobalSection(ProjectConfigurationPlatforms) = postSolution
		{4F032FB6-3522-4109-B384-7F259C02EC49}.Debug|Any CPU.ActiveCfg = Debug|Any CPU
		{4F032FB6-3522-4109-B384-7F259C02EC49}.Debug|Any CPU.Build.0 = Debug|Any CPU
		{4F032FB6-3522-4109-B384-7F259C02EC49}.Release|Any CPU.ActiveCfg = Release|Any CPU
		{4F032FB6-3522-4109-B384-7F259C02EC49}.Release|Any CPU.Build.0 = Release|Any CPU
	EndGlobalSection
	GlobalSection(SolutionProperties) = preSolution
		HideSolutionNode = FALSE
	EndGlobalSection
	GlobalSection(ExtensibilityGlobals) = postSolution
		SolutionGuid = {E0070F2D-CBF6-4D15-82B3-6F2D63F1D719}
	EndGlobalSection
EndGlobal
